// !$*UTF8*$!
{
	archiveVersion = 1;
	classes = {
	};
	objectVersion = 56;
	objects = {

/* Begin PBXBuildFile section */
		0FC40E9F9234F2F696B0F622 /* Pods_OkutransTest.framework in Frameworks */ = {isa = PBXBuildFile; fileRef = ED779E93F283AE8C4BFD5E2B /* Pods_OkutransTest.framework */; };
		D640A1232C06BD1E00A2B74B /* AppDelegate.swift in Sources */ = {isa = PBXBuildFile; fileRef = D640A1222C06BD1E00A2B74B /* AppDelegate.swift */; };
		D640A1252C06BD1E00A2B74B /* SceneDelegate.swift in Sources */ = {isa = PBXBuildFile; fileRef = D640A1242C06BD1E00A2B74B /* SceneDelegate.swift */; };
		D640A1272C06BD1E00A2B74B /* ViewController.swift in Sources */ = {isa = PBXBuildFile; fileRef = D640A1262C06BD1E00A2B74B /* ViewController.swift */; };
		D640A12A2C06BD1E00A2B74B /* Base in Resources */ = {isa = PBXBuildFile; fileRef = D640A1292C06BD1E00A2B74B /* Base */; };
		D640A12C2C06BD1F00A2B74B /* Assets.xcassets in Resources */ = {isa = PBXBuildFile; fileRef = D640A12B2C06BD1F00A2B74B /* Assets.xcassets */; };
		D640A12F2C06BD1F00A2B74B /* Base in Resources */ = {isa = PBXBuildFile; fileRef = D640A12E2C06BD1F00A2B74B /* Base */; };
		D6B2CBA12C0A82CF007B1F8D /* OkutransDetector.swift in Sources */ = {isa = PBXBuildFile; fileRef = D6B2CBA02C0A82CF007B1F8D /* OkutransDetector.swift */; };
		D6B2CBA32C0A8D7A007B1F8D /* PlayerView.swift in Sources */ = {isa = PBXBuildFile; fileRef = D6B2CBA22C0A8D7A007B1F8D /* PlayerView.swift */; };
		D6B545F72CC3A01D00ACDFAD /* nbu_fes2024.mp4 in Resources */ = {isa = PBXBuildFile; fileRef = D6B545F62CC3A01D00ACDFAD /* nbu_fes2024.mp4 */; };
/* End PBXBuildFile section */

/* Begin PBXFileReference section */
		9730982361E747DC9FAF5FD5 /* Pods-OkutransTest.debug.xcconfig */ = {isa = PBXFileReference; includeInIndex = 1; lastKnownFileType = text.xcconfig; name = "Pods-OkutransTest.debug.xcconfig"; path = "Target Support Files/Pods-OkutransTest/Pods-OkutransTest.debug.xcconfig"; sourceTree = "<group>"; };
		D640A11F2C06BD1E00A2B74B /* OkutransTest.app */ = {isa = PBXFileReference; explicitFileType = wrapper.application; includeInIndex = 0; path = OkutransTest.app; sourceTree = BUILT_PRODUCTS_DIR; };
		D640A1222C06BD1E00A2B74B /* AppDelegate.swift */ = {isa = PBXFileReference; lastKnownFileType = sourcecode.swift; path = AppDelegate.swift; sourceTree = "<group>"; };
		D640A1242C06BD1E00A2B74B /* SceneDelegate.swift */ = {isa = PBXFileReference; lastKnownFileType = sourcecode.swift; path = SceneDelegate.swift; sourceTree = "<group>"; };
		D640A1262C06BD1E00A2B74B /* ViewController.swift */ = {isa = PBXFileReference; lastKnownFileType = sourcecode.swift; path = ViewController.swift; sourceTree = "<group>"; };
		D640A1292C06BD1E00A2B74B /* Base */ = {isa = PBXFileReference; lastKnownFileType = file.storyboard; name = Base; path = Base.lproj/Main.storyboard; sourceTree = "<group>"; };
		D640A12B2C06BD1F00A2B74B /* Assets.xcassets */ = {isa = PBXFileReference; lastKnownFileType = folder.assetcatalog; path = Assets.xcassets; sourceTree = "<group>"; };
		D640A12E2C06BD1F00A2B74B /* Base */ = {isa = PBXFileReference; lastKnownFileType = file.storyboard; name = Base; path = Base.lproj/LaunchScreen.storyboard; sourceTree = "<group>"; };
		D640A1302C06BD1F00A2B74B /* Info.plist */ = {isa = PBXFileReference; lastKnownFileType = text.plist.xml; path = Info.plist; sourceTree = "<group>"; };
		D640A1362C0723D200A2B74B /* OkutransTest.entitlements */ = {isa = PBXFileReference; lastKnownFileType = text.plist.entitlements; path = OkutransTest.entitlements; sourceTree = "<group>"; };
		D6B2CBA02C0A82CF007B1F8D /* OkutransDetector.swift */ = {isa = PBXFileReference; lastKnownFileType = sourcecode.swift; path = OkutransDetector.swift; sourceTree = "<group>"; };
		D6B2CBA22C0A8D7A007B1F8D /* PlayerView.swift */ = {isa = PBXFileReference; lastKnownFileType = sourcecode.swift; path = PlayerView.swift; sourceTree = "<group>"; };
		D6B545F62CC3A01D00ACDFAD /* nbu_fes2024.mp4 */ = {isa = PBXFileReference; lastKnownFileType = file; path = nbu_fes2024.mp4; sourceTree = "<group>"; };
		ED779E93F283AE8C4BFD5E2B /* Pods_OkutransTest.framework */ = {isa = PBXFileReference; explicitFileType = wrapper.framework; includeInIndex = 0; path = Pods_OkutransTest.framework; sourceTree = BUILT_PRODUCTS_DIR; };
		EEEDC2FB73A27082114F79CE /* Pods-OkutransTest.release.xcconfig */ = {isa = PBXFileReference; includeInIndex = 1; lastKnownFileType = text.xcconfig; name = "Pods-OkutransTest.release.xcconfig"; path = "Target Support Files/Pods-OkutransTest/Pods-OkutransTest.release.xcconfig"; sourceTree = "<group>"; };
/* End PBXFileReference section */

/* Begin PBXFrameworksBuildPhase section */
		D640A11C2C06BD1E00A2B74B /* Frameworks */ = {
			isa = PBXFrameworksBuildPhase;
			buildActionMask = 2147483647;
			files = (
				0FC40E9F9234F2F696B0F622 /* Pods_OkutransTest.framework in Frameworks */,
			);
			runOnlyForDeploymentPostprocessing = 0;
		};
/* End PBXFrameworksBuildPhase section */

/* Begin PBXGroup section */
		A0A595826E58DEE390AC0A17 /* Frameworks */ = {
			isa = PBXGroup;
			children = (
				ED779E93F283AE8C4BFD5E2B /* Pods_OkutransTest.framework */,
			);
			name = Frameworks;
			sourceTree = "<group>";
		};
		D640A1162C06BD1E00A2B74B = {
			isa = PBXGroup;
			children = (
				D640A1212C06BD1E00A2B74B /* OkutransTest */,
				D640A1202C06BD1E00A2B74B /* Products */,
				FD18036519574CE24BCD295A /* Pods */,
				A0A595826E58DEE390AC0A17 /* Frameworks */,
			);
			sourceTree = "<group>";
		};
		D640A1202C06BD1E00A2B74B /* Products */ = {
			isa = PBXGroup;
			children = (
				D640A11F2C06BD1E00A2B74B /* OkutransTest.app */,
			);
			name = Products;
			sourceTree = "<group>";
		};
		D640A1212C06BD1E00A2B74B /* OkutransTest */ = {
			isa = PBXGroup;
			children = (
				D6B2CB9D2C0A826F007B1F8D /* OkutransDetector */,
				D640A1362C0723D200A2B74B /* OkutransTest.entitlements */,
				D640A1222C06BD1E00A2B74B /* AppDelegate.swift */,
				D6B2CBA22C0A8D7A007B1F8D /* PlayerView.swift */,
				D640A1242C06BD1E00A2B74B /* SceneDelegate.swift */,
				D640A1262C06BD1E00A2B74B /* ViewController.swift */,
				D6B545F62CC3A01D00ACDFAD /* nbu_fes2024.mp4 */,
				D640A1282C06BD1E00A2B74B /* Main.storyboard */,
				D640A12B2C06BD1F00A2B74B /* Assets.xcassets */,
				D640A12D2C06BD1F00A2B74B /* LaunchScreen.storyboard */,
				D640A1302C06BD1F00A2B74B /* Info.plist */,
			);
			path = OkutransTest;
			sourceTree = "<group>";
		};
		D6B2CB9D2C0A826F007B1F8D /* OkutransDetector */ = {
			isa = PBXGroup;
			children = (
				D6B2CBA02C0A82CF007B1F8D /* OkutransDetector.swift */,
			);
			path = OkutransDetector;
			sourceTree = "<group>";
		};
		FD18036519574CE24BCD295A /* Pods */ = {
			isa = PBXGroup;
			children = (
				9730982361E747DC9FAF5FD5 /* Pods-OkutransTest.debug.xcconfig */,
				EEEDC2FB73A27082114F79CE /* Pods-OkutransTest.release.xcconfig */,
			);
			path = Pods;
			sourceTree = "<group>";
		};
/* End PBXGroup section */

/* Begin PBXNativeTarget section */
		D640A11E2C06BD1E00A2B74B /* OkutransTest */ = {
			isa = PBXNativeTarget;
			buildConfigurationList = D640A1332C06BD1F00A2B74B /* Build configuration list for PBXNativeTarget "OkutransTest" */;
			buildPhases = (
				B90DCCA9765B9D037B3A96B1 /* [CP] Check Pods Manifest.lock */,
				D640A11B2C06BD1E00A2B74B /* Sources */,
				D640A11C2C06BD1E00A2B74B /* Frameworks */,
				D640A11D2C06BD1E00A2B74B /* Resources */,
				2A987F324C6D2FF4B7B523E9 /* [CP] Embed Pods Frameworks */,
			);
			buildRules = (
			);
			dependencies = (
			);
			name = OkutransTest;
			productName = OkutransTest;
			productReference = D640A11F2C06BD1E00A2B74B /* OkutransTest.app */;
			productType = "com.apple.product-type.application";
		};
/* End PBXNativeTarget section */

/* Begin PBXProject section */
		D640A1172C06BD1E00A2B74B /* Project object */ = {
			isa = PBXProject;
			attributes = {
				BuildIndependentTargetsInParallel = 1;
				LastSwiftUpdateCheck = 1540;
				LastUpgradeCheck = 1540;
				TargetAttributes = {
					D640A11E2C06BD1E00A2B74B = {
						CreatedOnToolsVersion = 15.4;
					};
				};
			};
			buildConfigurationList = D640A11A2C06BD1E00A2B74B /* Build configuration list for PBXProject "OkutransTest" */;
			compatibilityVersion = "Xcode 14.0";
			developmentRegion = en;
			hasScannedForEncodings = 0;
			knownRegions = (
				en,
				Base,
			);
			mainGroup = D640A1162C06BD1E00A2B74B;
			productRefGroup = D640A1202C06BD1E00A2B74B /* Products */;
			projectDirPath = "";
			projectRoot = "";
			targets = (
				D640A11E2C06BD1E00A2B74B /* OkutransTest */,
			);
		};
/* End PBXProject section */

/* Begin PBXResourcesBuildPhase section */
		D640A11D2C06BD1E00A2B74B /* Resources */ = {
			isa = PBXResourcesBuildPhase;
			buildActionMask = 2147483647;
			files = (
				D6B545F72CC3A01D00ACDFAD /* nbu_fes2024.mp4 in Resources */,
				D640A12C2C06BD1F00A2B74B /* Assets.xcassets in Resources */,
				D640A12F2C06BD1F00A2B74B /* Base in Resources */,
				D640A12A2C06BD1E00A2B74B /* Base in Resources */,
			);
			runOnlyForDeploymentPostprocessing = 0;
		};
/* End PBXResourcesBuildPhase section */

/* Begin PBXShellScriptBuildPhase section */
		2A987F324C6D2FF4B7B523E9 /* [CP] Embed Pods Frameworks */ = {
			isa = PBXShellScriptBuildPhase;
			buildActionMask = 2147483647;
			files = (
			);
			inputFileListPaths = (
				"${PODS_ROOT}/Target Support Files/Pods-OkutransTest/Pods-OkutransTest-frameworks-${CONFIGURATION}-input-files.xcfilelist",
			);
			name = "[CP] Embed Pods Frameworks";
			outputFileListPaths = (
				"${PODS_ROOT}/Target Support Files/Pods-OkutransTest/Pods-OkutransTest-frameworks-${CONFIGURATION}-output-files.xcfilelist",
			);
			runOnlyForDeploymentPostprocessing = 0;
			shellPath = /bin/sh;
			shellScript = "\"${PODS_ROOT}/Target Support Files/Pods-OkutransTest/Pods-OkutransTest-frameworks.sh\"\n";
			showEnvVarsInLog = 0;
		};
		B90DCCA9765B9D037B3A96B1 /* [CP] Check Pods Manifest.lock */ = {
			isa = PBXShellScriptBuildPhase;
			buildActionMask = 2147483647;
			files = (
			);
			inputFileListPaths = (
			);
			inputPaths = (
				"${PODS_PODFILE_DIR_PATH}/Podfile.lock",
				"${PODS_ROOT}/Manifest.lock",
			);
			name = "[CP] Check Pods Manifest.lock";
			outputFileListPaths = (
			);
			outputPaths = (
				"$(DERIVED_FILE_DIR)/Pods-OkutransTest-checkManifestLockResult.txt",
			);
			runOnlyForDeploymentPostprocessing = 0;
			shellPath = /bin/sh;
			shellScript = "diff \"${PODS_PODFILE_DIR_PATH}/Podfile.lock\" \"${PODS_ROOT}/Manifest.lock\" > /dev/null\nif [ $? != 0 ] ; then\n    # print error to STDERR\n    echo \"error: The sandbox is not in sync with the Podfile.lock. Run 'pod install' or update your CocoaPods installation.\" >&2\n    exit 1\nfi\n# This output is used by Xcode 'outputs' to avoid re-running this script phase.\necho \"SUCCESS\" > \"${SCRIPT_OUTPUT_FILE_0}\"\n";
			showEnvVarsInLog = 0;
		};
/* End PBXShellScriptBuildPhase section */

/* Begin PBXSourcesBuildPhase section */
		D640A11B2C06BD1E00A2B74B /* Sources */ = {
			isa = PBXSourcesBuildPhase;
			buildActionMask = 2147483647;
			files = (
				D640A1272C06BD1E00A2B74B /* ViewController.swift in Sources */,
				D640A1232C06BD1E00A2B74B /* AppDelegate.swift in Sources */,
				D6B2CBA12C0A82CF007B1F8D /* OkutransDetector.swift in Sources */,
				D6B2CBA32C0A8D7A007B1F8D /* PlayerView.swift in Sources */,
				D640A1252C06BD1E00A2B74B /* SceneDelegate.swift in Sources */,
			);
			runOnlyForDeploymentPostprocessing = 0;
		};
/* End PBXSourcesBuildPhase section */

/* Begin PBXVariantGroup section */
		D640A1282C06BD1E00A2B74B /* Main.storyboard */ = {
			isa = PBXVariantGroup;
			children = (
				D640A1292C06BD1E00A2B74B /* Base */,
			);
			name = Main.storyboard;
			sourceTree = "<group>";
		};
		D640A12D2C06BD1F00A2B74B /* LaunchScreen.storyboard */ = {
			isa = PBXVariantGroup;
			children = (
				D640A12E2C06BD1F00A2B74B /* Base */,
			);
			name = LaunchScreen.storyboard;
			sourceTree = "<group>";
		};
/* End PBXVariantGroup section */

/* Begin XCBuildConfiguration section */
		D640A1312C06BD1F00A2B74B /* Debug */ = {
			isa = XCBuildConfiguration;
			buildSettings = {
				ALWAYS_SEARCH_USER_PATHS = NO;
				ASSETCATALOG_COMPILER_GENERATE_SWIFT_ASSET_SYMBOL_EXTENSIONS = YES;
				CLANG_ANALYZER_NONNULL = YES;
				CLANG_ANALYZER_NUMBER_OBJECT_CONVERSION = YES_AGGRESSIVE;
				CLANG_CXX_LANGUAGE_STANDARD = "gnu++20";
				CLANG_ENABLE_MODULES = YES;
				CLANG_ENABLE_OBJC_ARC = YES;
				CLANG_ENABLE_OBJC_WEAK = YES;
				CLANG_WARN_BLOCK_CAPTURE_AUTORELEASING = YES;
				CLANG_WARN_BOOL_CONVERSION = YES;
				CLANG_WARN_COMMA = YES;
				CLANG_WARN_CONSTANT_CONVERSION = YES;
				CLANG_WARN_DEPRECATED_OBJC_IMPLEMENTATIONS = YES;
				CLANG_WARN_DIRECT_OBJC_ISA_USAGE = YES_ERROR;
				CLANG_WARN_DOCUMENTATION_COMMENTS = YES;
				CLANG_WARN_EMPTY_BODY = YES;
				CLANG_WARN_ENUM_CONVERSION = YES;
				CLANG_WARN_INFINITE_RECURSION = YES;
				CLANG_WARN_INT_CONVERSION = YES;
				CLANG_WARN_NON_LITERAL_NULL_CONVERSION = YES;
				CLANG_WARN_OBJC_IMPLICIT_RETAIN_SELF = YES;
				CLANG_WARN_OBJC_LITERAL_CONVERSION = YES;
				CLANG_WARN_OBJC_ROOT_CLASS = YES_ERROR;
				CLANG_WARN_QUOTED_INCLUDE_IN_FRAMEWORK_HEADER = YES;
				CLANG_WARN_RANGE_LOOP_ANALYSIS = YES;
				CLANG_WARN_STRICT_PROTOTYPES = YES;
				CLANG_WARN_SUSPICIOUS_MOVE = YES;
				CLANG_WARN_UNGUARDED_AVAILABILITY = YES_AGGRESSIVE;
				CLANG_WARN_UNREACHABLE_CODE = YES;
				CLANG_WARN__DUPLICATE_METHOD_MATCH = YES;
				COPY_PHASE_STRIP = NO;
				DEBUG_INFORMATION_FORMAT = dwarf;
				ENABLE_STRICT_OBJC_MSGSEND = YES;
				ENABLE_TESTABILITY = YES;
				ENABLE_USER_SCRIPT_SANDBOXING = YES;
				GCC_C_LANGUAGE_STANDARD = gnu17;
				GCC_DYNAMIC_NO_PIC = NO;
				GCC_NO_COMMON_BLOCKS = YES;
				GCC_OPTIMIZATION_LEVEL = 0;
				GCC_PREPROCESSOR_DEFINITIONS = (
					"DEBUG=1",
					"$(inherited)",
				);
				GCC_WARN_64_TO_32_BIT_CONVERSION = YES;
				GCC_WARN_ABOUT_RETURN_TYPE = YES_ERROR;
				GCC_WARN_UNDECLARED_SELECTOR = YES;
				GCC_WARN_UNINITIALIZED_AUTOS = YES_AGGRESSIVE;
				GCC_WARN_UNUSED_FUNCTION = YES;
				GCC_WARN_UNUSED_VARIABLE = YES;
				IPHONEOS_DEPLOYMENT_TARGET = 17.5;
				LOCALIZATION_PREFERS_STRING_CATALOGS = YES;
				MTL_ENABLE_DEBUG_INFO = INCLUDE_SOURCE;
				MTL_FAST_MATH = YES;
				ONLY_ACTIVE_ARCH = YES;
				SDKROOT = iphoneos;
				SWIFT_ACTIVE_COMPILATION_CONDITIONS = "DEBUG $(inherited)";
				SWIFT_OPTIMIZATION_LEVEL = "-Onone";
			};
			name = Debug;
		};
		D640A1322C06BD1F00A2B74B /* Release */ = {
			isa = XCBuildConfiguration;
			buildSettings = {
				ALWAYS_SEARCH_USER_PATHS = NO;
				ASSETCATALOG_COMPILER_GENERATE_SWIFT_ASSET_SYMBOL_EXTENSIONS = YES;
				CLANG_ANALYZER_NONNULL = YES;
				CLANG_ANALYZER_NUMBER_OBJECT_CONVERSION = YES_AGGRESSIVE;
				CLANG_CXX_LANGUAGE_STANDARD = "gnu++20";
				CLANG_ENABLE_MODULES = YES;
				CLANG_ENABLE_OBJC_ARC = YES;
				CLANG_ENABLE_OBJC_WEAK = YES;
				CLANG_WARN_BLOCK_CAPTURE_AUTORELEASING = YES;
				CLANG_WARN_BOOL_CONVERSION = YES;
				CLANG_WARN_COMMA = YES;
				CLANG_WARN_CONSTANT_CONVERSION = YES;
				CLANG_WARN_DEPRECATED_OBJC_IMPLEMENTATIONS = YES;
				CLANG_WARN_DIRECT_OBJC_ISA_USAGE = YES_ERROR;
				CLANG_WARN_DOCUMENTATION_COMMENTS = YES;
				CLANG_WARN_EMPTY_BODY = YES;
				CLANG_WARN_ENUM_CONVERSION = YES;
				CLANG_WARN_INFINITE_RECURSION = YES;
				CLANG_WARN_INT_CONVERSION = YES;
				CLANG_WARN_NON_LITERAL_NULL_CONVERSION = YES;
				CLANG_WARN_OBJC_IMPLICIT_RETAIN_SELF = YES;
				CLANG_WARN_OBJC_LITERAL_CONVERSION = YES;
				CLANG_WARN_OBJC_ROOT_CLASS = YES_ERROR;
				CLANG_WARN_QUOTED_INCLUDE_IN_FRAMEWORK_HEADER = YES;
				CLANG_WARN_RANGE_LOOP_ANALYSIS = YES;
				CLANG_WARN_STRICT_PROTOTYPES = YES;
				CLANG_WARN_SUSPICIOUS_MOVE = YES;
				CLANG_WARN_UNGUARDED_AVAILABILITY = YES_AGGRESSIVE;
				CLANG_WARN_UNREACHABLE_CODE = YES;
				CLANG_WARN__DUPLICATE_METHOD_MATCH = YES;
				COPY_PHASE_STRIP = NO;
				DEBUG_INFORMATION_FORMAT = "dwarf-with-dsym";
				ENABLE_NS_ASSERTIONS = NO;
				ENABLE_STRICT_OBJC_MSGSEND = YES;
				ENABLE_USER_SCRIPT_SANDBOXING = YES;
				GCC_C_LANGUAGE_STANDARD = gnu17;
				GCC_NO_COMMON_BLOCKS = YES;
				GCC_WARN_64_TO_32_BIT_CONVERSION = YES;
				GCC_WARN_ABOUT_RETURN_TYPE = YES_ERROR;
				GCC_WARN_UNDECLARED_SELECTOR = YES;
				GCC_WARN_UNINITIALIZED_AUTOS = YES_AGGRESSIVE;
				GCC_WARN_UNUSED_FUNCTION = YES;
				GCC_WARN_UNUSED_VARIABLE = YES;
				IPHONEOS_DEPLOYMENT_TARGET = 17.5;
				LOCALIZATION_PREFERS_STRING_CATALOGS = YES;
				MTL_ENABLE_DEBUG_INFO = NO;
				MTL_FAST_MATH = YES;
				SDKROOT = iphoneos;
				SWIFT_COMPILATION_MODE = wholemodule;
				VALIDATE_PRODUCT = YES;
			};
			name = Release;
		};
		D640A1342C06BD1F00A2B74B /* Debug */ = {
			isa = XCBuildConfiguration;
			baseConfigurationReference = 9730982361E747DC9FAF5FD5 /* Pods-OkutransTest.debug.xcconfig */;
			buildSettings = {
				ASSETCATALOG_COMPILER_APPICON_NAME = AppIcon;
				ASSETCATALOG_COMPILER_GLOBAL_ACCENT_COLOR_NAME = AccentColor;
				CODE_SIGN_ENTITLEMENTS = OkutransTest/OkutransTest.entitlements;
				CODE_SIGN_STYLE = Automatic;
				CURRENT_PROJECT_VERSION = 1;
				DEVELOPMENT_TEAM = MT2JN72543;
				ENABLE_USER_SCRIPT_SANDBOXING = NO;
				GENERATE_INFOPLIST_FILE = YES;
				INFOPLIST_FILE = OkutransTest/Info.plist;
				INFOPLIST_KEY_NFCReaderUsageDescription = "NFCタグを使います";
				INFOPLIST_KEY_UIApplicationSupportsIndirectInputEvents = YES;
				INFOPLIST_KEY_UILaunchStoryboardName = LaunchScreen;
				INFOPLIST_KEY_UIMainStoryboardFile = Main;
				INFOPLIST_KEY_UISupportedInterfaceOrientations = UIInterfaceOrientationLandscapeRight;
				INFOPLIST_KEY_UISupportedInterfaceOrientations_iPad = UIInterfaceOrientationLandscapeLeft;
				IPHONEOS_DEPLOYMENT_TARGET = 16.6;
				LD_RUNPATH_SEARCH_PATHS = (
					"$(inherited)",
					"@executable_path/Frameworks",
				);
				MARKETING_VERSION = 1.0;
				PRODUCT_BUNDLE_IDENTIFIER = jp.co.4dpocket..OkutransTest;
				PRODUCT_NAME = "$(TARGET_NAME)";
				SWIFT_EMIT_LOC_STRINGS = YES;
				SWIFT_VERSION = 5.0;
				TARGETED_DEVICE_FAMILY = "1,2";
			};
			name = Debug;
		};
		D640A1352C06BD1F00A2B74B /* Release */ = {
			isa = XCBuildConfiguration;
			baseConfigurationReference = EEEDC2FB73A27082114F79CE /* Pods-OkutransTest.release.xcconfig */;
			buildSettings = {
				ASSETCATALOG_COMPILER_APPICON_NAME = AppIcon;
				ASSETCATALOG_COMPILER_GLOBAL_ACCENT_COLOR_NAME = AccentColor;
				CODE_SIGN_ENTITLEMENTS = OkutransTest/OkutransTest.entitlements;
				CODE_SIGN_STYLE = Automatic;
				CURRENT_PROJECT_VERSION = 1;
				DEVELOPMENT_TEAM = MT2JN72543;
				ENABLE_USER_SCRIPT_SANDBOXING = NO;
				GENERATE_INFOPLIST_FILE = YES;
				INFOPLIST_FILE = OkutransTest/Info.plist;
				INFOPLIST_KEY_NFCReaderUsageDescription = "NFCタグを使います";
				INFOPLIST_KEY_UIApplicationSupportsIndirectInputEvents = YES;
				INFOPLIST_KEY_UILaunchStoryboardName = LaunchScreen;
				INFOPLIST_KEY_UIMainStoryboardFile = Main;
				INFOPLIST_KEY_UISupportedInterfaceOrientations = UIInterfaceOrientationLandscapeRight;
				INFOPLIST_KEY_UISupportedInterfaceOrientations_iPad = UIInterfaceOrientationLandscapeLeft;
				IPHONEOS_DEPLOYMENT_TARGET = 16.6;
				LD_RUNPATH_SEARCH_PATHS = (
					"$(inherited)",
					"@executable_path/Frameworks",
				);
				MARKETING_VERSION = 1.0;
				PRODUCT_BUNDLE_IDENTIFIER = jp.co.4dpocket..OkutransTest;
				PRODUCT_NAME = "$(TARGET_NAME)";
				SWIFT_EMIT_LOC_STRINGS = YES;
				SWIFT_VERSION = 5.0;
				TARGETED_DEVICE_FAMILY = "1,2";
			};
			name = Release;
		};
/* End XCBuildConfiguration section */

/* Begin XCConfigurationList section */
		D640A11A2C06BD1E00A2B74B /* Build configuration list for PBXProject "OkutransTest" */ = {
			isa = XCConfigurationList;
			buildConfigurations = (
				D640A1312C06BD1F00A2B74B /* Debug */,
				D640A1322C06BD1F00A2B74B /* Release */,
			);
			defaultConfigurationIsVisible = 0;
			defaultConfigurationName = Release;
		};
		D640A1332C06BD1F00A2B74B /* Build configuration list for PBXNativeTarget "OkutransTest" */ = {
			isa = XCConfigurationList;
			buildConfigurations = (
				D640A1342C06BD1F00A2B74B /* Debug */,
				D640A1352C06BD1F00A2B74B /* Release */,
			);
			defaultConfigurationIsVisible = 0;
			defaultConfigurationName = Release;
		};
/* End XCConfigurationList section */
	};
	rootObject = D640A1172C06BD1E00A2B74B /* Project object */;
}
